Microsoft Visual Studio Solution File, Format Version 12.00
# Visual Studio Version 17
VisualStudioVersion = 17.13.35919.96
MinimumVisualStudioVersion = 10.0.40219.1
Project("{FAE04EC0-301F-11D3-BF4B-00C04F79EFBC}") = "KSM", "KSM.csproj", "{3D17A397-B9EF-415F-8FB8-9174CD41D2CF}"
EndProject
Global
	GlobalSection(SolutionConfigurationPlatforms) = preSolution
		Debug|Any CPU = Debug|Any CPU
		Release|Any CPU = Release|Any CPU
	EndGlobalSection
	GlobalSection(ProjectConfigurationPlatforms) = postSolution
		{3D17A397-B9EF-415F-8FB8-9174CD41D2CF}.Debug|Any CPU.ActiveCfg = Debug|Any CPU
		{3D17A397-B9EF-415F-8FB8-9174CD41D2CF}.Debug|Any CPU.Build.0 = Debug|Any CPU
		{3D17A397-B9EF-415F-8FB8-9174CD41D2CF}.Release|Any CPU.ActiveCfg = Release|Any CPU
		{3D17A397-B9EF-415F-8FB8-9174CD41D2CF}.Release|Any CPU.Build.0 = Release|Any CPU
	EndGlobalSection
	GlobalSection(SolutionProperties) = preSolution
		HideSolutionNode = FALSE
	EndGlobalSection
	GlobalSection(ExtensibilityGlobals) = postSolution
		SolutionGuid = {D77AA263-2A88-4C19-B4BA-C9C8A16311AE}
	EndGlobalSection
EndGlobal
